{
  "version": 4,
  "terraform_version": "1.0.11",
  "serial": 83,
  "lineage": "a79ac9b5-fab7-1e51-c529-6d2ae5e16e3b",
  "outputs": {},
  "resources": [
    {
      "mode": "data",
      "type": "aws_ami",
      "name": "web",
      "provider": "provider[\"registry.terraform.io/hashicorp/aws\"]",
      "instances": [
        {
          "schema_version": 0,
          "attributes": {
            "architecture": "x86_64",
            "arn": "arn:aws:ec2:us-west-2::image/ami-0aab355e1bfa1e72e",
            "block_device_mappings": [
              {
                "device_name": "/dev/sda1",
                "ebs": {
                  "delete_on_termination": "true",
                  "encrypted": "false",
                  "iops": "0",
                  "snapshot_id": "snap-0a0efa5c87d915063",
                  "throughput": "0",
                  "volume_size": "8",
                  "volume_type": "gp2"
                },
                "no_device": "",
                "virtual_name": ""
              },
              {
                "device_name": "/dev/sdb",
                "ebs": {},
                "no_device": "",
                "virtual_name": "ephemeral0"
              },
              {
                "device_name": "/dev/sdc",
                "ebs": {},
                "no_device": "",
                "virtual_name": "ephemeral1"
              }
            ],
            "creation_date": "2022-07-07T00:49:19.000Z",
            "description": "Canonical, Ubuntu, 20.04 LTS, amd64 focal image build on 2022-07-06",
            "ena_support": true,
            "executable_users": null,
            "filter": [
              {
                "name": "name",
                "values": [
                  "ubuntu/images/hvm-ssd/ubuntu-focal-20.04-amd64-server-*"
                ]
              },
              {
                "name": "virtualization-type",
                "values": [
                  "hvm"
                ]
              }
            ],
            "hypervisor": "xen",
            "id": "ami-0aab355e1bfa1e72e",
            "image_id": "ami-0aab355e1bfa1e72e",
            "image_location": "099720109477/ubuntu/images/hvm-ssd/ubuntu-focal-20.04-amd64-server-20220706",
            "image_owner_alias": null,
            "image_type": "machine",
            "kernel_id": null,
            "most_recent": true,
            "name": "ubuntu/images/hvm-ssd/ubuntu-focal-20.04-amd64-server-20220706",
            "name_regex": null,
            "owner_id": "099720109477",
            "owners": [
              "099720109477"
            ],
            "platform": null,
            "platform_details": "Linux/UNIX",
            "product_codes": [],
            "public": true,
            "ramdisk_id": null,
            "root_device_name": "/dev/sda1",
            "root_device_type": "ebs",
            "root_snapshot_id": "snap-0a0efa5c87d915063",
            "sriov_net_support": "simple",
            "state": "available",
            "state_reason": {
              "code": "UNSET",
              "message": "UNSET"
            },
            "tags": {},
            "usage_operation": "RunInstances",
            "virtualization_type": "hvm"
          },
          "sensitive_attributes": []
        }
      ]
    },
    {
      "module": "module.codepipeline",
      "mode": "managed",
      "type": "aws_codebuild_project",
      "name": "project",
      "provider": "provider[\"registry.terraform.io/hashicorp/aws\"]",
      "instances": [
        {
          "index_key": 0,
          "schema_version": 0,
          "attributes": {
            "arn": "arn:aws:codebuild:us-west-2:748584251581:project/terraform-in-action-5mss-plan",
            "artifacts": [
              {
                "artifact_identifier": "",
                "bucket_owner_access": "",
                "encryption_disabled": false,
                "location": "",
                "name": "",
                "namespace_type": "",
                "override_artifact_name": false,
                "packaging": "",
                "path": "",
                "type": "NO_ARTIFACTS"
              }
            ],
            "badge_enabled": false,
            "badge_url": "",
            "build_batch_config": [],
            "build_timeout": 60,
            "cache": [
              {
                "location": "",
                "modes": [],
                "type": "NO_CACHE"
              }
            ],
            "concurrent_build_limit": 0,
            "description": "",
            "encryption_key": "arn:aws:kms:us-west-2:748584251581:alias/aws/s3",
            "environment": [
              {
                "certificate": "",
                "compute_type": "BUILD_GENERAL1_SMALL",
                "environment_variable": [],
                "image": "hashicorp/terraform:latest",
                "image_pull_credentials_type": "CODEBUILD",
                "privileged_mode": false,
                "registry_credential": [],
                "type": "LINUX_CONTAINER"
              }
            ],
            "file_system_locations": [],
            "id": "arn:aws:codebuild:us-west-2:748584251581:project/terraform-in-action-5mss-plan",
            "logs_config": [
              {
                "cloudwatch_logs": [
                  {
                    "group_name": "",
                    "status": "ENABLED",
                    "stream_name": ""
                  }
                ],
                "s3_logs": [
                  {
                    "bucket_owner_access": "",
                    "encryption_disabled": false,
                    "location": "",
                    "status": "DISABLED"
                  }
                ]
              }
            ],
            "name": "terraform-in-action-5mss-plan",
            "project_visibility": "PRIVATE",
            "public_project_alias": "",
            "queued_timeout": 480,
            "resource_access_role": "",
            "secondary_artifacts": [],
            "secondary_source_version": [],
            "secondary_sources": [],
            "service_role": "arn:aws:iam::748584251581:role/terraform-in-action-5mss-codebuild",
            "source": [
              {
                "auth": [],
                "build_status_config": [],
                "buildspec": "version: 0.2\nphases:\n  build:\n    commands:\n       - cd $WORKING_DIRECTORY\n       - echo $BACKEND \u003e\u003e backend.tf.json\n       - terraform init \n       - |\n         if [[ \"$CONFIRM_DESTROY\" == \"0\" ]]; then\n           terraform plan\n         else\n           terraform plan -destroy\n         fi",
                "git_clone_depth": 0,
                "git_submodules_config": [],
                "insecure_ssl": false,
                "location": "",
                "report_build_status": false,
                "type": "NO_SOURCE"
              }
            ],
            "source_version": "",
            "tags": {},
            "tags_all": {},
            "vpc_config": []
          },
          "sensitive_attributes": [],
          "private": "bnVsbA==",
          "dependencies": [
            "module.codepipeline.aws_iam_role.codebuild",
            "module.codepipeline.random_string.rand"
          ]
        },
        {
          "index_key": 1,
          "schema_version": 0,
          "attributes": {
            "arn": "arn:aws:codebuild:us-west-2:748584251581:project/terraform-in-action-5mss-apply",
            "artifacts": [
              {
                "artifact_identifier": "",
                "bucket_owner_access": "",
                "encryption_disabled": false,
                "location": "",
                "name": "",
                "namespace_type": "",
                "override_artifact_name": false,
                "packaging": "",
                "path": "",
                "type": "NO_ARTIFACTS"
              }
            ],
            "badge_enabled": false,
            "badge_url": "",
            "build_batch_config": [],
            "build_timeout": 60,
            "cache": [
              {
                "location": "",
                "modes": [],
                "type": "NO_CACHE"
              }
            ],
            "concurrent_build_limit": 0,
            "description": "",
            "encryption_key": "arn:aws:kms:us-west-2:748584251581:alias/aws/s3",
            "environment": [
              {
                "certificate": "",
                "compute_type": "BUILD_GENERAL1_SMALL",
                "environment_variable": [],
                "image": "hashicorp/terraform:latest",
                "image_pull_credentials_type": "CODEBUILD",
                "privileged_mode": false,
                "registry_credential": [],
                "type": "LINUX_CONTAINER"
              }
            ],
            "file_system_locations": [],
            "id": "arn:aws:codebuild:us-west-2:748584251581:project/terraform-in-action-5mss-apply",
            "logs_config": [
              {
                "cloudwatch_logs": [
                  {
                    "group_name": "",
                    "status": "ENABLED",
                    "stream_name": ""
                  }
                ],
                "s3_logs": [
                  {
                    "bucket_owner_access": "",
                    "encryption_disabled": false,
                    "location": "",
                    "status": "DISABLED"
                  }
                ]
              }
            ],
            "name": "terraform-in-action-5mss-apply",
            "project_visibility": "PRIVATE",
            "public_project_alias": "",
            "queued_timeout": 480,
            "resource_access_role": "",
            "secondary_artifacts": [],
            "secondary_source_version": [],
            "secondary_sources": [],
            "service_role": "arn:aws:iam::748584251581:role/terraform-in-action-5mss-codebuild",
            "source": [
              {
                "auth": [],
                "build_status_config": [],
                "buildspec": "version: 0.2\nphases:\n build:\n   commands:\n      - cd $WORKING_DIRECTORY\n      - echo $BACKEND \u003e\u003e backend.tf.json\n      - terraform init\n      - |\n        if [[ \"$CONFIRM_DESTROY\" == \"0\" ]]; then\n          terraform apply -auto-approve\n        else\n          terraform destroy -auto-approve\n        fi",
                "git_clone_depth": 0,
                "git_submodules_config": [],
                "insecure_ssl": false,
                "location": "",
                "report_build_status": false,
                "type": "NO_SOURCE"
              }
            ],
            "source_version": "",
            "tags": {},
            "tags_all": {},
            "vpc_config": []
          },
          "sensitive_attributes": [],
          "private": "bnVsbA==",
          "dependencies": [
            "module.codepipeline.aws_iam_role.codebuild",
            "module.codepipeline.random_string.rand"
          ]
        }
      ]
    },
    {
      "module": "module.codepipeline",
      "mode": "managed",
      "type": "aws_codepipeline",
      "name": "codepipeline",
      "provider": "provider[\"registry.terraform.io/hashicorp/aws\"]",
      "instances": [
        {
          "schema_version": 0,
          "attributes": {
            "arn": "arn:aws:codepipeline:us-west-2:748584251581:terraform-in-action-5mss-pipeline",
            "artifact_store": [
              {
                "encryption_key": [],
                "location": "terraform-in-action-5mss-codepipeline",
                "region": "",
                "type": "S3"
              }
            ],
            "id": "terraform-in-action-5mss-pipeline",
            "name": "terraform-in-action-5mss-pipeline",
            "role_arn": "arn:aws:iam::748584251581:role/terraform-in-action-5mss-codepipeline",
            "stage": [
              {
                "action": [
                  {
                    "category": "Source",
                    "configuration": {
                      "BranchName": "master",
                      "ConnectionArn": "arn:aws:codestar-connections:us-west-2:748584251581:connection/60d9579c-85ef-4af5-9b7f-833f80f86a77",
                      "FullRepositoryId": "terraform-in-action/helloworld_deploy"
                    },
                    "input_artifacts": [],
                    "name": "Source",
                    "namespace": "",
                    "output_artifacts": [
                      "source_output"
                    ],
                    "owner": "AWS",
                    "provider": "CodeStarSourceConnection",
                    "region": "",
                    "role_arn": "",
                    "run_order": 1,
                    "version": "1"
                  }
                ],
                "name": "Source"
              },
              {
                "action": [
                  {
                    "category": "Build",
                    "configuration": {
                      "EnvironmentVariables": "[{\"name\":\"BACKEND\",\"type\":\"PLAINTEXT\",\"value\":\"{\\n    \\\"terraform\\\": {\\n      \\\"backend\\\": {\\n        \\\"s3\\\": {\\n          \\\"bucket\\\": \\\"s3backend-7pheu6hq8w3olr-state-bucket\\\",\\n          \\\"key\\\": \\\"aws/terraform-in-action-5mss\\\",\\n          \\\"region\\\": \\\"us-west-2\\\",\\n          \\\"encrypt\\\": true,\\n          \\\"role_arn\\\": \\\"arn:aws:iam::748584251581:role/s3backend-7pheu6hq8w3olr-tf-assume-role\\\",\\n          \\\"dynamodb_table\\\": \\\"s3backend-7pheu6hq8w3olr-state-lock\\\"\\n        }\\n      }\\n    }\\n   }\"},{\"name\":\"CONFIRM_DESTROY\",\"type\":\"PLAINTEXT\",\"value\":\"1\"},{\"name\":\"TF_INPUT\",\"type\":\"PLAINTEXT\",\"value\":\"0\"},{\"name\":\"TF_IN_AUTOMATION\",\"type\":\"PLAINTEXT\",\"value\":\"1\"},{\"name\":\"WORKING_DIRECTORY\",\"type\":\"PLAINTEXT\",\"value\":\".\"}]",
                      "ProjectName": "terraform-in-action-5mss-plan"
                    },
                    "input_artifacts": [
                      "source_output"
                    ],
                    "name": "Plan",
                    "namespace": "",
                    "output_artifacts": [],
                    "owner": "AWS",
                    "provider": "CodeBuild",
                    "region": "",
                    "role_arn": "",
                    "run_order": 1,
                    "version": "1"
                  }
                ],
                "name": "Plan"
              },
              {
                "action": [
                  {
                    "category": "Approval",
                    "configuration": {
                      "CustomData": "Please review output of plan and approve",
                      "NotificationArn": "arn:aws:sns:us-west-2:748584251581:terraform-in-action-5mss-codepipeline"
                    },
                    "input_artifacts": [],
                    "name": "Approval",
                    "namespace": "",
                    "output_artifacts": [],
                    "owner": "AWS",
                    "provider": "Manual",
                    "region": "",
                    "role_arn": "",
                    "run_order": 1,
                    "version": "1"
                  }
                ],
                "name": "Approval"
              },
              {
                "action": [
                  {
                    "category": "Build",
                    "configuration": {
                      "EnvironmentVariables": "[{\"name\":\"BACKEND\",\"type\":\"PLAINTEXT\",\"value\":\"{\\n    \\\"terraform\\\": {\\n      \\\"backend\\\": {\\n        \\\"s3\\\": {\\n          \\\"bucket\\\": \\\"s3backend-7pheu6hq8w3olr-state-bucket\\\",\\n          \\\"key\\\": \\\"aws/terraform-in-action-5mss\\\",\\n          \\\"region\\\": \\\"us-west-2\\\",\\n          \\\"encrypt\\\": true,\\n          \\\"role_arn\\\": \\\"arn:aws:iam::748584251581:role/s3backend-7pheu6hq8w3olr-tf-assume-role\\\",\\n          \\\"dynamodb_table\\\": \\\"s3backend-7pheu6hq8w3olr-state-lock\\\"\\n        }\\n      }\\n    }\\n   }\"},{\"name\":\"CONFIRM_DESTROY\",\"type\":\"PLAINTEXT\",\"value\":\"1\"},{\"name\":\"TF_INPUT\",\"type\":\"PLAINTEXT\",\"value\":\"0\"},{\"name\":\"TF_IN_AUTOMATION\",\"type\":\"PLAINTEXT\",\"value\":\"1\"},{\"name\":\"WORKING_DIRECTORY\",\"type\":\"PLAINTEXT\",\"value\":\".\"}]",
                      "ProjectName": "terraform-in-action-5mss-apply"
                    },
                    "input_artifacts": [
                      "source_output"
                    ],
                    "name": "Apply",
                    "namespace": "",
                    "output_artifacts": [],
                    "owner": "AWS",
                    "provider": "CodeBuild",
                    "region": "",
                    "role_arn": "",
                    "run_order": 1,
                    "version": "1"
                  }
                ],
                "name": "Apply"
              }
            ],
            "tags": {},
            "tags_all": {}
          },
          "sensitive_attributes": [],
          "private": "bnVsbA==",
          "dependencies": [
            "module.codepipeline.aws_iam_role.codepipeline",
            "module.codepipeline.aws_codebuild_project.project",
            "module.codepipeline.aws_codestarconnections_connection.github",
            "module.codepipeline.random_string.rand",
            "module.s3backend.aws_kms_key.kms_key",
            "module.s3backend.aws_s3_bucket.s3_bucket",
            "module.codepipeline.aws_s3_bucket.codepipeline",
            "module.codepipeline.aws_sns_topic.codepipeline",
            "module.s3backend.aws_iam_role.iam_role",
            "module.s3backend.random_string.rand",
            "module.s3backend.data.aws_caller_identity.current",
            "module.s3backend.data.aws_region.current",
            "module.codepipeline.aws_iam_role.codebuild",
            "module.s3backend.aws_dynamodb_table.dynamodb_table"
          ]
        }
      ]
    },
    {
      "module": "module.codepipeline",
      "mode": "managed",
      "type": "aws_codestarconnections_connection",
      "name": "github",
      "provider": "provider[\"registry.terraform.io/hashicorp/aws\"]",
      "instances": [
        {
          "schema_version": 0,
          "attributes": {
            "arn": "arn:aws:codestar-connections:us-west-2:748584251581:connection/60d9579c-85ef-4af5-9b7f-833f80f86a77",
            "connection_status": "PENDING",
            "host_arn": "",
            "id": "arn:aws:codestar-connections:us-west-2:748584251581:connection/60d9579c-85ef-4af5-9b7f-833f80f86a77",
            "name": "terraform-in-action-5mss-github",
            "provider_type": "GitHub",
            "tags": {},
            "tags_all": {}
          },
          "sensitive_attributes": [],
          "private": "bnVsbA==",
          "dependencies": [
            "module.codepipeline.random_string.rand"
          ]
        }
      ]
    },
    {
      "module": "module.codepipeline",
      "mode": "managed",
      "type": "aws_iam_role",
      "name": "codebuild",
      "provider": "provider[\"registry.terraform.io/hashicorp/aws\"]",
      "instances": [
        {
          "schema_version": 0,
          "attributes": {
            "arn": "arn:aws:iam::748584251581:role/terraform-in-action-5mss-codebuild",
            "assume_role_policy": "{\"Version\":\"2012-10-17\",\"Statement\":[{\"Effect\":\"Allow\",\"Principal\":{\"Service\":\"codebuild.amazonaws.com\"},\"Action\":\"sts:AssumeRole\"}]}",
            "create_date": "2022-07-20T22:49:30Z",
            "description": "",
            "force_detach_policies": false,
            "id": "terraform-in-action-5mss-codebuild",
            "inline_policy": [
              {
                "name": "terraform-20220720225000696200000002",
                "policy": "{\n    \"Version\": \"2012-10-17\",\n    \"Statement\": [\n      {\n        \"Action\": [        \n          \"ec2:DeleteTags\",\n          \"ec2:CreateTags\",\n          \"ec2:TerminateInstances\",\n          \"ec2:RunInstances\",\n          \"ec2:Describe*\"\n          ],\n        \"Effect\": \"Allow\",\n        \"Resource\": \"*\"\n      }\n    ]\n  }"
              },
              {
                "name": "terraform-20220720225000704300000003",
                "policy": "{\n \"Version\": \"2012-10-17\",\n \"Statement\": [\n   {\n     \"Effect\": \"Allow\",\n     \"Resource\": [\n       \"*\"\n     ],\n     \"Action\": [\n       \"logs:CreateLogGroup\",\n       \"logs:CreateLogStream\",\n       \"logs:PutLogEvents\"\n     ]\n   },\n   {\n     \"Effect\":\"Allow\",\n     \"Action\": [\n       \"s3:GetObject\",\n       \"s3:GetObjectVersion\",\n       \"s3:GetBucketVersioning\"\n     ],\n     \"Resource\": [\n       \"arn:aws:s3:::terraform-in-action-5mss-codepipeline\",\n       \"arn:aws:s3:::terraform-in-action-5mss-codepipeline/*\"\n     ]\n   }\n ]\n}\n"
              }
            ],
            "managed_policy_arns": [],
            "max_session_duration": 3600,
            "name": "terraform-in-action-5mss-codebuild",
            "name_prefix": "",
            "path": "/",
            "permissions_boundary": null,
            "tags": {},
            "tags_all": {},
            "unique_id": "AROA24SYZGC645RJGMUOC"
          },
          "sensitive_attributes": [],
          "private": "bnVsbA==",
          "dependencies": [
            "module.codepipeline.random_string.rand"
          ]
        }
      ]
    },
    {
      "module": "module.codepipeline",
      "mode": "managed",
      "type": "aws_iam_role",
      "name": "codepipeline",
      "provider": "provider[\"registry.terraform.io/hashicorp/aws\"]",
      "instances": [
        {
          "schema_version": 0,
          "attributes": {
            "arn": "arn:aws:iam::748584251581:role/terraform-in-action-5mss-codepipeline",
            "assume_role_policy": "{\"Version\":\"2012-10-17\",\"Statement\":[{\"Effect\":\"Allow\",\"Principal\":{\"Service\":\"codepipeline.amazonaws.com\"},\"Action\":\"sts:AssumeRole\"}]}",
            "create_date": "2022-07-20T22:49:12Z",
            "description": "",
            "force_detach_policies": false,
            "id": "terraform-in-action-5mss-codepipeline",
            "inline_policy": [
              {
                "name": "terraform-20220720224932538400000001",
                "policy": "{\n \"Version\": \"2012-10-17\",\n \"Statement\": [\n   {\n     \"Effect\":\"Allow\",\n     \"Action\": [\n       \"s3:GetObject\",\n       \"s3:GetObjectVersion\",\n       \"s3:GetBucketVersioning\",\n       \"s3:PutObject\",\n       \"s3:PutObjectAcl\"\n     ],\n     \"Resource\": [\n       \"arn:aws:s3:::terraform-in-action-5mss-codepipeline\",\n       \"arn:aws:s3:::terraform-in-action-5mss-codepipeline/*\"\n     ]\n   },\n   {\n     \"Effect\": \"Allow\",\n     \"Action\": [\n       \"kms:Encrypt\",\n       \"kms:Decrypt\",\n       \"kms:ReEncrypt*\",\n       \"kms:GenerateDataKey*\",\n       \"kms:DescribeKey\"\n     ],\n     \"Resource\": \"*\"\n   },\n   {\n     \"Effect\": \"Allow\",\n     \"Action\": [\n       \"sns:Publish\"\n     ],\n     \"Resource\": \"arn:aws:sns:us-west-2:748584251581:terraform-in-action-5mss-codepipeline\"\n   },\n   {\n     \"Effect\": \"Allow\",\n     \"Action\": [\n       \"codebuild:BatchGetBuilds\",\n       \"codebuild:StartBuild\",\n       \"codebuild:ListConnectedOAuthAccounts\",\n       \"codebuild:ListRepositories\",\n       \"codebuild:PersistOAuthToken\",\n       \"codebuild:ImportSourceCredentials\"\n     ],\n     \"Resource\": \"*\"\n   },\n   {\n     \"Effect\": \"Allow\",\n     \"Action\": [\n         \"codestar-connections:UseConnection\"\n     ],\n     \"Resource\": \"arn:aws:codestar-connections:us-west-2:748584251581:connection/60d9579c-85ef-4af5-9b7f-833f80f86a77\"\n   }\n ]\n}\n"
              }
            ],
            "managed_policy_arns": [],
            "max_session_duration": 3600,
            "name": "terraform-in-action-5mss-codepipeline",
            "name_prefix": "",
            "path": "/",
            "permissions_boundary": null,
            "tags": {},
            "tags_all": {},
            "unique_id": "AROA24SYZGC67GVRDOBTK"
          },
          "sensitive_attributes": [],
          "private": "bnVsbA==",
          "dependencies": [
            "module.codepipeline.random_string.rand"
          ]
        }
      ]
    },
    {
      "module": "module.codepipeline",
      "mode": "managed",
      "type": "aws_iam_role_policy",
      "name": "codebuild",
      "provider": "provider[\"registry.terraform.io/hashicorp/aws\"]",
      "instances": [
        {
          "schema_version": 0,
          "attributes": {
            "id": "terraform-in-action-5mss-codebuild:terraform-20220720225000704300000003",
            "name": "terraform-20220720225000704300000003",
            "name_prefix": null,
            "policy": "{\n \"Version\": \"2012-10-17\",\n \"Statement\": [\n   {\n     \"Effect\": \"Allow\",\n     \"Resource\": [\n       \"*\"\n     ],\n     \"Action\": [\n       \"logs:CreateLogGroup\",\n       \"logs:CreateLogStream\",\n       \"logs:PutLogEvents\"\n     ]\n   },\n   {\n     \"Effect\":\"Allow\",\n     \"Action\": [\n       \"s3:GetObject\",\n       \"s3:GetObjectVersion\",\n       \"s3:GetBucketVersioning\"\n     ],\n     \"Resource\": [\n       \"arn:aws:s3:::terraform-in-action-5mss-codepipeline\",\n       \"arn:aws:s3:::terraform-in-action-5mss-codepipeline/*\"\n     ]\n   }\n ]\n}\n",
            "role": "terraform-in-action-5mss-codebuild"
          },
          "sensitive_attributes": [],
          "private": "bnVsbA==",
          "dependencies": [
            "module.codepipeline.random_string.rand",
            "module.codepipeline.aws_iam_role.codebuild",
            "module.codepipeline.aws_s3_bucket.codepipeline"
          ]
        }
      ]
    },
    {
      "module": "module.codepipeline",
      "mode": "managed",
      "type": "aws_iam_role_policy",
      "name": "codepipeline",
      "provider": "provider[\"registry.terraform.io/hashicorp/aws\"]",
      "instances": [
        {
          "schema_version": 0,
          "attributes": {
            "id": "terraform-in-action-5mss-codepipeline:terraform-20220720224932538400000001",
            "name": "terraform-20220720224932538400000001",
            "name_prefix": null,
            "policy": "{\n \"Version\": \"2012-10-17\",\n \"Statement\": [\n   {\n     \"Effect\":\"Allow\",\n     \"Action\": [\n       \"s3:GetObject\",\n       \"s3:GetObjectVersion\",\n       \"s3:GetBucketVersioning\",\n       \"s3:PutObject\",\n       \"s3:PutObjectAcl\"\n     ],\n     \"Resource\": [\n       \"arn:aws:s3:::terraform-in-action-5mss-codepipeline\",\n       \"arn:aws:s3:::terraform-in-action-5mss-codepipeline/*\"\n     ]\n   },\n   {\n     \"Effect\": \"Allow\",\n     \"Action\": [\n       \"kms:Encrypt\",\n       \"kms:Decrypt\",\n       \"kms:ReEncrypt*\",\n       \"kms:GenerateDataKey*\",\n       \"kms:DescribeKey\"\n     ],\n     \"Resource\": \"*\"\n   },\n   {\n     \"Effect\": \"Allow\",\n     \"Action\": [\n       \"sns:Publish\"\n     ],\n     \"Resource\": \"arn:aws:sns:us-west-2:748584251581:terraform-in-action-5mss-codepipeline\"\n   },\n   {\n     \"Effect\": \"Allow\",\n     \"Action\": [\n       \"codebuild:BatchGetBuilds\",\n       \"codebuild:StartBuild\",\n       \"codebuild:ListConnectedOAuthAccounts\",\n       \"codebuild:ListRepositories\",\n       \"codebuild:PersistOAuthToken\",\n       \"codebuild:ImportSourceCredentials\"\n     ],\n     \"Resource\": \"*\"\n   },\n   {\n     \"Effect\": \"Allow\",\n     \"Action\": [\n         \"codestar-connections:UseConnection\"\n     ],\n     \"Resource\": \"arn:aws:codestar-connections:us-west-2:748584251581:connection/60d9579c-85ef-4af5-9b7f-833f80f86a77\"\n   }\n ]\n}\n",
            "role": "terraform-in-action-5mss-codepipeline"
          },
          "sensitive_attributes": [],
          "private": "bnVsbA==",
          "dependencies": [
            "module.codepipeline.random_string.rand",
            "module.codepipeline.aws_codestarconnections_connection.github",
            "module.codepipeline.aws_iam_role.codepipeline",
            "module.codepipeline.aws_s3_bucket.codepipeline",
            "module.codepipeline.aws_sns_topic.codepipeline"
          ]
        }
      ]
    },
    {
      "module": "module.codepipeline",
      "mode": "managed",
      "type": "aws_iam_role_policy",
      "name": "deploy",
      "provider": "provider[\"registry.terraform.io/hashicorp/aws\"]",
      "instances": [
        {
          "index_key": 0,
          "schema_version": 0,
          "attributes": {
            "id": "terraform-in-action-5mss-codebuild:terraform-20220720225000696200000002",
            "name": "terraform-20220720225000696200000002",
            "name_prefix": null,
            "policy": "{\n    \"Version\": \"2012-10-17\",\n    \"Statement\": [\n      {\n        \"Action\": [        \n          \"ec2:DeleteTags\",\n          \"ec2:CreateTags\",\n          \"ec2:TerminateInstances\",\n          \"ec2:RunInstances\",\n          \"ec2:Describe*\"\n          ],\n        \"Effect\": \"Allow\",\n        \"Resource\": \"*\"\n      }\n    ]\n  }",
            "role": "terraform-in-action-5mss-codebuild"
          },
          "sensitive_attributes": [],
          "private": "bnVsbA==",
          "dependencies": [
            "module.codepipeline.aws_iam_role.codebuild",
            "module.codepipeline.random_string.rand"
          ]
        }
      ]
    },
    {
      "module": "module.codepipeline",
      "mode": "managed",
      "type": "aws_s3_bucket",
      "name": "codepipeline",
      "provider": "provider[\"registry.terraform.io/hashicorp/aws\"]",
      "instances": [
        {
          "schema_version": 0,
          "attributes": {
            "acceleration_status": "",
            "acl": "private",
            "arn": "arn:aws:s3:::terraform-in-action-5mss-codepipeline",
            "bucket": "terraform-in-action-5mss-codepipeline",
            "bucket_domain_name": "terraform-in-action-5mss-codepipeline.s3.amazonaws.com",
            "bucket_prefix": null,
            "bucket_regional_domain_name": "terraform-in-action-5mss-codepipeline.s3.us-west-2.amazonaws.com",
            "cors_rule": [],
            "force_destroy": true,
            "grant": [],
            "hosted_zone_id": "Z3BJ6K6RIION7M",
            "id": "terraform-in-action-5mss-codepipeline",
            "lifecycle_rule": [],
            "logging": [],
            "object_lock_configuration": [],
            "object_lock_enabled": false,
            "policy": null,
            "region": "us-west-2",
            "replication_configuration": [],
            "request_payer": "BucketOwner",
            "server_side_encryption_configuration": [],
            "tags": {},
            "tags_all": {},
            "versioning": [
              {
                "enabled": false,
                "mfa_delete": false
              }
            ],
            "website": [],
            "website_domain": null,
            "website_endpoint": null
          },
          "sensitive_attributes": [],
          "private": "bnVsbA==",
          "dependencies": [
            "module.codepipeline.random_string.rand"
          ]
        }
      ]
    },
    {
      "module": "module.codepipeline",
      "mode": "managed",
      "type": "aws_sns_topic",
      "name": "codepipeline",
      "provider": "provider[\"registry.terraform.io/hashicorp/aws\"]",
      "instances": [
        {
          "schema_version": 0,
          "attributes": {
            "application_failure_feedback_role_arn": "",
            "application_success_feedback_role_arn": "",
            "application_success_feedback_sample_rate": 0,
            "arn": "arn:aws:sns:us-west-2:748584251581:terraform-in-action-5mss-codepipeline",
            "content_based_deduplication": false,
            "delivery_policy": "",
            "display_name": "",
            "fifo_topic": false,
            "firehose_failure_feedback_role_arn": "",
            "firehose_success_feedback_role_arn": "",
            "firehose_success_feedback_sample_rate": 0,
            "http_failure_feedback_role_arn": "",
            "http_success_feedback_role_arn": "",
            "http_success_feedback_sample_rate": 0,
            "id": "arn:aws:sns:us-west-2:748584251581:terraform-in-action-5mss-codepipeline",
            "kms_master_key_id": "",
            "lambda_failure_feedback_role_arn": "",
            "lambda_success_feedback_role_arn": "",
            "lambda_success_feedback_sample_rate": 0,
            "name": "terraform-in-action-5mss-codepipeline",
            "name_prefix": "",
            "owner": "748584251581",
            "policy": "{\"Version\":\"2008-10-17\",\"Id\":\"__default_policy_ID\",\"Statement\":[{\"Sid\":\"__default_statement_ID\",\"Effect\":\"Allow\",\"Principal\":{\"AWS\":\"*\"},\"Action\":[\"SNS:GetTopicAttributes\",\"SNS:SetTopicAttributes\",\"SNS:AddPermission\",\"SNS:RemovePermission\",\"SNS:DeleteTopic\",\"SNS:Subscribe\",\"SNS:ListSubscriptionsByTopic\",\"SNS:Publish\"],\"Resource\":\"arn:aws:sns:us-west-2:748584251581:terraform-in-action-5mss-codepipeline\",\"Condition\":{\"StringEquals\":{\"AWS:SourceOwner\":\"748584251581\"}}}]}",
            "sqs_failure_feedback_role_arn": "",
            "sqs_success_feedback_role_arn": "",
            "sqs_success_feedback_sample_rate": 0,
            "tags": {},
            "tags_all": {}
          },
          "sensitive_attributes": [],
          "private": "bnVsbA==",
          "dependencies": [
            "module.codepipeline.random_string.rand"
          ]
        }
      ]
    },
    {
      "module": "module.codepipeline",
      "mode": "managed",
      "type": "random_string",
      "name": "rand",
      "provider": "provider[\"registry.terraform.io/hashicorp/random\"]",
      "instances": [
        {
          "schema_version": 2,
          "attributes": {
            "id": "5mssikild2kpzrxb9hqg4a5x",
            "keepers": null,
            "length": 24,
            "lower": true,
            "min_lower": 0,
            "min_numeric": 0,
            "min_special": 0,
            "min_upper": 0,
            "number": true,
            "numeric": true,
            "override_special": null,
            "result": "5mssikild2kpzrxb9hqg4a5x",
            "special": false,
            "upper": false
          },
          "sensitive_attributes": [],
          "private": "eyJzY2hlbWFfdmVyc2lvbiI6IjIifQ=="
        }
      ]
    },
    {
      "module": "module.s3backend",
      "mode": "data",
      "type": "aws_caller_identity",
      "name": "current",
      "provider": "provider[\"registry.terraform.io/hashicorp/aws\"]",
      "instances": [
        {
          "schema_version": 0,
          "attributes": {
            "account_id": "748584251581",
            "arn": "arn:aws:iam::748584251581:user/terraform",
            "id": "748584251581",
            "user_id": "AIDA24SYZGC6YRA2DEQRJ"
          },
          "sensitive_attributes": []
        }
      ]
    },
    {
      "module": "module.s3backend",
      "mode": "data",
      "type": "aws_iam_policy_document",
      "name": "policy_doc",
      "provider": "provider[\"registry.terraform.io/hashicorp/aws\"]",
      "instances": [
        {
          "schema_version": 0,
          "attributes": {
            "id": "2789097927",
            "json": "{\n  \"Version\": \"2012-10-17\",\n  \"Statement\": [\n    {\n      \"Sid\": \"\",\n      \"Effect\": \"Allow\",\n      \"Action\": \"s3:ListBucket\",\n      \"Resource\": \"arn:aws:s3:::s3backend-7pheu6hq8w3olr-state-bucket\"\n    },\n    {\n      \"Sid\": \"\",\n      \"Effect\": \"Allow\",\n      \"Action\": [\n        \"s3:PutObject\",\n        \"s3:GetObject\",\n        \"s3:DeleteObject\"\n      ],\n      \"Resource\": \"arn:aws:s3:::s3backend-7pheu6hq8w3olr-state-bucket/*\"\n    },\n    {\n      \"Sid\": \"\",\n      \"Effect\": \"Allow\",\n      \"Action\": [\n        \"dynamodb:PutItem\",\n        \"dynamodb:GetItem\",\n        \"dynamodb:DeleteItem\"\n      ],\n      \"Resource\": \"arn:aws:dynamodb:us-west-2:748584251581:table/s3backend-7pheu6hq8w3olr-state-lock\"\n    },\n    {\n      \"Sid\": \"\",\n      \"Effect\": \"Allow\",\n      \"Action\": [\n        \"kms:GenerateDataKey\",\n        \"kms:Decrypt\"\n      ],\n      \"Resource\": \"arn:aws:kms:us-west-2:748584251581:key/8e3569be-67f3-4eed-a2d6-49dfb63a8085\"\n    }\n  ]\n}",
            "override_json": null,
            "override_policy_documents": null,
            "policy_id": null,
            "source_json": null,
            "source_policy_documents": null,
            "statement": [
              {
                "actions": [
                  "s3:ListBucket"
                ],
                "condition": [],
                "effect": "Allow",
                "not_actions": [],
                "not_principals": [],
                "not_resources": [],
                "principals": [],
                "resources": [
                  "arn:aws:s3:::s3backend-7pheu6hq8w3olr-state-bucket"
                ],
                "sid": ""
              },
              {
                "actions": [
                  "s3:DeleteObject",
                  "s3:GetObject",
                  "s3:PutObject"
                ],
                "condition": [],
                "effect": "Allow",
                "not_actions": [],
                "not_principals": [],
                "not_resources": [],
                "principals": [],
                "resources": [
                  "arn:aws:s3:::s3backend-7pheu6hq8w3olr-state-bucket/*"
                ],
                "sid": ""
              },
              {
                "actions": [
                  "dynamodb:DeleteItem",
                  "dynamodb:GetItem",
                  "dynamodb:PutItem"
                ],
                "condition": [],
                "effect": "Allow",
                "not_actions": [],
                "not_principals": [],
                "not_resources": [],
                "principals": [],
                "resources": [
                  "arn:aws:dynamodb:us-west-2:748584251581:table/s3backend-7pheu6hq8w3olr-state-lock"
                ],
                "sid": ""
              },
              {
                "actions": [
                  "kms:Decrypt",
                  "kms:GenerateDataKey"
                ],
                "condition": [],
                "effect": "Allow",
                "not_actions": [],
                "not_principals": [],
                "not_resources": [],
                "principals": [],
                "resources": [
                  "arn:aws:kms:us-west-2:748584251581:key/8e3569be-67f3-4eed-a2d6-49dfb63a8085"
                ],
                "sid": ""
              }
            ],
            "version": "2012-10-17"
          },
          "sensitive_attributes": []
        }
      ]
    },
    {
      "module": "module.s3backend",
      "mode": "data",
      "type": "aws_region",
      "name": "current",
      "provider": "provider[\"registry.terraform.io/hashicorp/aws\"]",
      "instances": [
        {
          "schema_version": 0,
          "attributes": {
            "description": "US West (Oregon)",
            "endpoint": "ec2.us-west-2.amazonaws.com",
            "id": "us-west-2",
            "name": "us-west-2"
          },
          "sensitive_attributes": []
        }
      ]
    },
    {
      "module": "module.s3backend",
      "mode": "managed",
      "type": "aws_dynamodb_table",
      "name": "dynamodb_table",
      "provider": "provider[\"registry.terraform.io/hashicorp/aws\"]",
      "instances": [
        {
          "schema_version": 1,
          "attributes": {
            "arn": "arn:aws:dynamodb:us-west-2:748584251581:table/s3backend-7pheu6hq8w3olr-state-lock",
            "attribute": [
              {
                "name": "LockID",
                "type": "S"
              }
            ],
            "billing_mode": "PAY_PER_REQUEST",
            "global_secondary_index": [],
            "hash_key": "LockID",
            "id": "s3backend-7pheu6hq8w3olr-state-lock",
            "local_secondary_index": [],
            "name": "s3backend-7pheu6hq8w3olr-state-lock",
            "point_in_time_recovery": [
              {
                "enabled": false
              }
            ],
            "range_key": null,
            "read_capacity": 0,
            "replica": [],
            "restore_date_time": null,
            "restore_source_name": null,
            "restore_to_latest_time": null,
            "server_side_encryption": [],
            "stream_arn": "",
            "stream_enabled": false,
            "stream_label": "",
            "stream_view_type": "",
            "table_class": "",
            "tags": {
              "ResourceGroup": "s3backend-7pheu6hq8w3olr"
            },
            "tags_all": {
              "ResourceGroup": "s3backend-7pheu6hq8w3olr"
            },
            "timeouts": null,
            "ttl": [
              {
                "attribute_name": "",
                "enabled": false
              }
            ],
            "write_capacity": 0
          },
          "sensitive_attributes": [],
          "private": "eyJlMmJmYjczMC1lY2FhLTExZTYtOGY4OC0zNDM2M2JjN2M0YzAiOnsiY3JlYXRlIjoxODAwMDAwMDAwMDAwLCJkZWxldGUiOjYwMDAwMDAwMDAwMCwidXBkYXRlIjozNjAwMDAwMDAwMDAwfSwic2NoZW1hX3ZlcnNpb24iOiIxIn0=",
          "dependencies": [
            "module.s3backend.random_string.rand"
          ]
        }
      ]
    },
    {
      "module": "module.s3backend",
      "mode": "managed",
      "type": "aws_iam_policy",
      "name": "iam_policy",
      "provider": "provider[\"registry.terraform.io/hashicorp/aws\"]",
      "instances": [
        {
          "schema_version": 0,
          "attributes": {
            "arn": "arn:aws:iam::748584251581:policy/s3backend-7pheu6hq8w3olr-tf-policy",
            "description": "",
            "id": "arn:aws:iam::748584251581:policy/s3backend-7pheu6hq8w3olr-tf-policy",
            "name": "s3backend-7pheu6hq8w3olr-tf-policy",
            "name_prefix": null,
            "path": "/",
            "policy": "{\"Statement\":[{\"Action\":\"s3:ListBucket\",\"Effect\":\"Allow\",\"Resource\":\"arn:aws:s3:::s3backend-7pheu6hq8w3olr-state-bucket\",\"Sid\":\"\"},{\"Action\":[\"s3:PutObject\",\"s3:GetObject\",\"s3:DeleteObject\"],\"Effect\":\"Allow\",\"Resource\":\"arn:aws:s3:::s3backend-7pheu6hq8w3olr-state-bucket/*\",\"Sid\":\"\"},{\"Action\":[\"dynamodb:PutItem\",\"dynamodb:GetItem\",\"dynamodb:DeleteItem\"],\"Effect\":\"Allow\",\"Resource\":\"arn:aws:dynamodb:us-west-2:748584251581:table/s3backend-7pheu6hq8w3olr-state-lock\",\"Sid\":\"\"},{\"Action\":[\"kms:GenerateDataKey\",\"kms:Decrypt\"],\"Effect\":\"Allow\",\"Resource\":\"arn:aws:kms:us-west-2:748584251581:key/8e3569be-67f3-4eed-a2d6-49dfb63a8085\",\"Sid\":\"\"}],\"Version\":\"2012-10-17\"}",
            "policy_id": "ANPA24SYZGC6T2NUWGW4J",
            "tags": {},
            "tags_all": {}
          },
          "sensitive_attributes": [],
          "private": "bnVsbA==",
          "dependencies": [
            "module.s3backend.aws_dynamodb_table.dynamodb_table",
            "module.s3backend.aws_kms_key.kms_key",
            "module.s3backend.aws_s3_bucket.s3_bucket",
            "module.s3backend.data.aws_iam_policy_document.policy_doc",
            "module.s3backend.random_string.rand"
          ]
        }
      ]
    },
    {
      "module": "module.s3backend",
      "mode": "managed",
      "type": "aws_iam_role",
      "name": "iam_role",
      "provider": "provider[\"registry.terraform.io/hashicorp/aws\"]",
      "instances": [
        {
          "schema_version": 0,
          "attributes": {
            "arn": "arn:aws:iam::748584251581:role/s3backend-7pheu6hq8w3olr-tf-assume-role",
            "assume_role_policy": "{\"Version\":\"2012-10-17\",\"Statement\":[{\"Effect\":\"Allow\",\"Principal\":{\"AWS\":\"arn:aws:iam::748584251581:role/terraform-in-action-5mss-codebuild\"},\"Action\":\"sts:AssumeRole\"}]}",
            "create_date": "2022-07-20T22:50:02Z",
            "description": "",
            "force_detach_policies": false,
            "id": "s3backend-7pheu6hq8w3olr-tf-assume-role",
            "inline_policy": [
              {
                "name": "",
                "policy": ""
              }
            ],
            "managed_policy_arns": [
              "arn:aws:iam::748584251581:policy/s3backend-7pheu6hq8w3olr-tf-policy"
            ],
            "max_session_duration": 3600,
            "name": "s3backend-7pheu6hq8w3olr-tf-assume-role",
            "name_prefix": "",
            "path": "/",
            "permissions_boundary": null,
            "tags": {
              "ResourceGroup": "s3backend-7pheu6hq8w3olr"
            },
            "tags_all": {
              "ResourceGroup": "s3backend-7pheu6hq8w3olr"
            },
            "unique_id": "AROA24SYZGC67R2EWE3A3"
          },
          "sensitive_attributes": [],
          "private": "bnVsbA==",
          "dependencies": [
            "module.codepipeline.aws_iam_role.codebuild",
            "module.codepipeline.random_string.rand",
            "module.s3backend.data.aws_caller_identity.current",
            "module.s3backend.random_string.rand"
          ]
        }
      ]
    },
    {
      "module": "module.s3backend",
      "mode": "managed",
      "type": "aws_iam_role_policy_attachment",
      "name": "policy_attach",
      "provider": "provider[\"registry.terraform.io/hashicorp/aws\"]",
      "instances": [
        {
          "schema_version": 0,
          "attributes": {
            "id": "s3backend-7pheu6hq8w3olr-tf-assume-role-20220720225009341400000004",
            "policy_arn": "arn:aws:iam::748584251581:policy/s3backend-7pheu6hq8w3olr-tf-policy",
            "role": "s3backend-7pheu6hq8w3olr-tf-assume-role"
          },
          "sensitive_attributes": [],
          "private": "bnVsbA==",
          "dependencies": [
            "module.codepipeline.random_string.rand",
            "module.s3backend.aws_iam_role.iam_role",
            "module.s3backend.aws_kms_key.kms_key",
            "module.s3backend.aws_s3_bucket.s3_bucket",
            "module.s3backend.data.aws_caller_identity.current",
            "module.s3backend.data.aws_iam_policy_document.policy_doc",
            "module.s3backend.random_string.rand",
            "module.codepipeline.aws_iam_role.codebuild",
            "module.s3backend.aws_dynamodb_table.dynamodb_table",
            "module.s3backend.aws_iam_policy.iam_policy"
          ]
        }
      ]
    },
    {
      "module": "module.s3backend",
      "mode": "managed",
      "type": "aws_kms_key",
      "name": "kms_key",
      "provider": "provider[\"registry.terraform.io/hashicorp/aws\"]",
      "instances": [
        {
          "schema_version": 0,
          "attributes": {
            "arn": "arn:aws:kms:us-west-2:748584251581:key/8e3569be-67f3-4eed-a2d6-49dfb63a8085",
            "bypass_policy_lockout_safety_check": false,
            "customer_master_key_spec": "SYMMETRIC_DEFAULT",
            "deletion_window_in_days": null,
            "description": "",
            "enable_key_rotation": false,
            "id": "8e3569be-67f3-4eed-a2d6-49dfb63a8085",
            "is_enabled": true,
            "key_id": "8e3569be-67f3-4eed-a2d6-49dfb63a8085",
            "key_usage": "ENCRYPT_DECRYPT",
            "multi_region": false,
            "policy": "{\"Id\":\"key-default-1\",\"Statement\":[{\"Action\":\"kms:*\",\"Effect\":\"Allow\",\"Principal\":{\"AWS\":\"arn:aws:iam::748584251581:root\"},\"Resource\":\"*\",\"Sid\":\"Enable IAM User Permissions\"}],\"Version\":\"2012-10-17\"}",
            "tags": {
              "ResourceGroup": "s3backend-7pheu6hq8w3olr"
            },
            "tags_all": {
              "ResourceGroup": "s3backend-7pheu6hq8w3olr"
            }
          },
          "sensitive_attributes": [],
          "private": "bnVsbA==",
          "dependencies": [
            "module.s3backend.random_string.rand"
          ]
        }
      ]
    },
    {
      "module": "module.s3backend",
      "mode": "managed",
      "type": "aws_resourcegroups_group",
      "name": "resourcegroups_group",
      "provider": "provider[\"registry.terraform.io/hashicorp/aws\"]",
      "instances": [
        {
          "schema_version": 0,
          "attributes": {
            "arn": "arn:aws:resource-groups:us-west-2:748584251581:group/s3backend-7pheu6hq8w3olr-group",
            "description": "",
            "id": "s3backend-7pheu6hq8w3olr-group",
            "name": "s3backend-7pheu6hq8w3olr-group",
            "resource_query": [
              {
                "query": "{\n  \"ResourceTypeFilters\": [\n    \"AWS::AllSupported\"\n  ],\n  \"TagFilters\": [\n    {\n      \"Key\": \"ResourceGroup\",\n      \"Values\": [\"s3backend-7pheu6hq8w3olr\"]\n    }\n  ]\n}\n",
                "type": "TAG_FILTERS_1_0"
              }
            ],
            "tags": {},
            "tags_all": {}
          },
          "sensitive_attributes": [],
          "private": "bnVsbA==",
          "dependencies": [
            "module.s3backend.random_string.rand"
          ]
        }
      ]
    },
    {
      "module": "module.s3backend",
      "mode": "managed",
      "type": "aws_s3_bucket",
      "name": "s3_bucket",
      "provider": "provider[\"registry.terraform.io/hashicorp/aws\"]",
      "instances": [
        {
          "schema_version": 0,
          "attributes": {
            "acceleration_status": "",
            "acl": "private",
            "arn": "arn:aws:s3:::s3backend-7pheu6hq8w3olr-state-bucket",
            "bucket": "s3backend-7pheu6hq8w3olr-state-bucket",
            "bucket_domain_name": "s3backend-7pheu6hq8w3olr-state-bucket.s3.amazonaws.com",
            "bucket_prefix": null,
            "bucket_regional_domain_name": "s3backend-7pheu6hq8w3olr-state-bucket.s3.us-west-2.amazonaws.com",
            "cors_rule": [],
            "force_destroy": true,
            "grant": [],
            "hosted_zone_id": "Z3BJ6K6RIION7M",
            "id": "s3backend-7pheu6hq8w3olr-state-bucket",
            "lifecycle_rule": [],
            "logging": [],
            "object_lock_configuration": [],
            "object_lock_enabled": false,
            "policy": null,
            "region": "us-west-2",
            "replication_configuration": [],
            "request_payer": "BucketOwner",
            "server_side_encryption_configuration": [
              {
                "rule": [
                  {
                    "apply_server_side_encryption_by_default": [
                      {
                        "kms_master_key_id": "arn:aws:kms:us-west-2:748584251581:key/8e3569be-67f3-4eed-a2d6-49dfb63a8085",
                        "sse_algorithm": "aws:kms"
                      }
                    ],
                    "bucket_key_enabled": false
                  }
                ]
              }
            ],
            "tags": {
              "ResourceGroup": "s3backend-7pheu6hq8w3olr"
            },
            "tags_all": {
              "ResourceGroup": "s3backend-7pheu6hq8w3olr"
            },
            "versioning": [
              {
                "enabled": true,
                "mfa_delete": false
              }
            ],
            "website": [],
            "website_domain": null,
            "website_endpoint": null
          },
          "sensitive_attributes": [],
          "private": "bnVsbA==",
          "dependencies": [
            "module.s3backend.aws_kms_key.kms_key",
            "module.s3backend.random_string.rand"
          ]
        }
      ]
    },
    {
      "module": "module.s3backend",
      "mode": "managed",
      "type": "aws_s3_bucket_public_access_block",
      "name": "s3_bucket",
      "provider": "provider[\"registry.terraform.io/hashicorp/aws\"]",
      "instances": [
        {
          "schema_version": 0,
          "attributes": {
            "block_public_acls": true,
            "block_public_policy": true,
            "bucket": "s3backend-7pheu6hq8w3olr-state-bucket",
            "id": "s3backend-7pheu6hq8w3olr-state-bucket",
            "ignore_public_acls": true,
            "restrict_public_buckets": true
          },
          "sensitive_attributes": [],
          "private": "bnVsbA==",
          "dependencies": [
            "module.s3backend.aws_kms_key.kms_key",
            "module.s3backend.aws_s3_bucket.s3_bucket",
            "module.s3backend.random_string.rand"
          ]
        }
      ]
    },
    {
      "module": "module.s3backend",
      "mode": "managed",
      "type": "random_string",
      "name": "rand",
      "provider": "provider[\"registry.terraform.io/hashicorp/random\"]",
      "instances": [
        {
          "schema_version": 2,
          "attributes": {
            "id": "7pheu6hq8w3olrtre8dvzgbw",
            "keepers": null,
            "length": 24,
            "lower": true,
            "min_lower": 0,
            "min_numeric": 0,
            "min_special": 0,
            "min_upper": 0,
            "number": true,
            "numeric": true,
            "override_special": null,
            "result": "7pheu6hq8w3olrtre8dvzgbw",
            "special": false,
            "upper": false
          },
          "sensitive_attributes": [],
          "private": "eyJzY2hlbWFfdmVyc2lvbiI6IjIifQ=="
        }
      ]
    }
  ]
}
